// !$*UTF8*$!
{
	archiveVersion = 1;
	classes = {
	};
	objectVersion = 56;
	objects = {

/* Begin PBXBuildFile section */
		B20AEF6B2ACF601D009FFA2D /* FindMyUltraApp.swift in Sources */ = {isa = PBXBuildFile; fileRef = B20AEF6A2ACF601D009FFA2D /* FindMyUltraApp.swift */; };
		B20AEF6D2ACF601D009FFA2D /* Home.swift in Sources */ = {isa = PBXBuildFile; fileRef = B20AEF6C2ACF601D009FFA2D /* Home.swift */; };
		B20AEF6F2ACF601E009FFA2D /* Assets.xcassets in Resources */ = {isa = PBXBuildFile; fileRef = B20AEF6E2ACF601E009FFA2D /* Assets.xcassets */; };
		B20AEF722ACF601E009FFA2D /* Preview Assets.xcassets in Resources */ = {isa = PBXBuildFile; fileRef = B20AEF712ACF601E009FFA2D /* Preview Assets.xcassets */; };
		B20AEF7C2ACF601E009FFA2D /* FindMyUltraTests.swift in Sources */ = {isa = PBXBuildFile; fileRef = B20AEF7B2ACF601E009FFA2D /* FindMyUltraTests.swift */; };
		B20AEF862ACF601E009FFA2D /* FindMyUltraUITests.swift in Sources */ = {isa = PBXBuildFile; fileRef = B20AEF852ACF601E009FFA2D /* FindMyUltraUITests.swift */; };
		B20AEF882ACF601E009FFA2D /* FindMyUltraUITestsLaunchTests.swift in Sources */ = {isa = PBXBuildFile; fileRef = B20AEF872ACF601E009FFA2D /* FindMyUltraUITestsLaunchTests.swift */; };
		B20AEF982ACF6062009FFA2D /* Client.swift in Sources */ = {isa = PBXBuildFile; fileRef = B20AEF952ACF6061009FFA2D /* Client.swift */; };
		B20AEF992ACF6062009FFA2D /* ApiError.swift in Sources */ = {isa = PBXBuildFile; fileRef = B20AEF962ACF6062009FFA2D /* ApiError.swift */; };
		B20AEF9A2ACF6062009FFA2D /* GenericApi.swift in Sources */ = {isa = PBXBuildFile; fileRef = B20AEF972ACF6062009FFA2D /* GenericApi.swift */; };
		B20AEFA82ACF60B4009FFA2D /* Location.swift in Sources */ = {isa = PBXBuildFile; fileRef = B20AEFA42ACF60B4009FFA2D /* Location.swift */; };
		B20AEFA92ACF60B4009FFA2D /* Event.swift in Sources */ = {isa = PBXBuildFile; fileRef = B20AEFA52ACF60B4009FFA2D /* Event.swift */; };
		B20AEFAE2ACF60E1009FFA2D /* Constants.swift in Sources */ = {isa = PBXBuildFile; fileRef = B20AEFAD2ACF60E1009FFA2D /* Constants.swift */; };
		B20AEFB22ACF6106009FFA2D /* MapViewModel.swift in Sources */ = {isa = PBXBuildFile; fileRef = B20AEFB12ACF6106009FFA2D /* MapViewModel.swift */; };
		B20AEFB52ACF6183009FFA2D /* MapView.swift in Sources */ = {isa = PBXBuildFile; fileRef = B20AEFB42ACF6183009FFA2D /* MapView.swift */; };
		B20AEFB72ACF6226009FFA2D /* RaceList.swift in Sources */ = {isa = PBXBuildFile; fileRef = B20AEFB62ACF6226009FFA2D /* RaceList.swift */; };
		B20AEFBB2AD057E5009FFA2D /* FilterModel.swift in Sources */ = {isa = PBXBuildFile; fileRef = B20AEFBA2AD057E5009FFA2D /* FilterModel.swift */; };
		B20AEFBE2AD08178009FFA2D /* MultiPicker in Frameworks */ = {isa = PBXBuildFile; productRef = B20AEFBD2AD08178009FFA2D /* MultiPicker */; };
/* End PBXBuildFile section */

/* Begin PBXContainerItemProxy section */
		B20AEF782ACF601E009FFA2D /* PBXContainerItemProxy */ = {
			isa = PBXContainerItemProxy;
			containerPortal = B20AEF5F2ACF601D009FFA2D /* Project object */;
			proxyType = 1;
			remoteGlobalIDString = B20AEF662ACF601D009FFA2D;
			remoteInfo = FindMyUltra;
		};
		B20AEF822ACF601E009FFA2D /* PBXContainerItemProxy */ = {
			isa = PBXContainerItemProxy;
			containerPortal = B20AEF5F2ACF601D009FFA2D /* Project object */;
			proxyType = 1;
			remoteGlobalIDString = B20AEF662ACF601D009FFA2D;
			remoteInfo = FindMyUltra;
		};
/* End PBXContainerItemProxy section */

/* Begin PBXFileReference section */
		B20AEF672ACF601D009FFA2D /* FindMyUltra.app */ = {isa = PBXFileReference; explicitFileType = wrapper.application; includeInIndex = 0; path = FindMyUltra.app; sourceTree = BUILT_PRODUCTS_DIR; };
		B20AEF6A2ACF601D009FFA2D /* FindMyUltraApp.swift */ = {isa = PBXFileReference; lastKnownFileType = sourcecode.swift; path = FindMyUltraApp.swift; sourceTree = "<group>"; };
		B20AEF6C2ACF601D009FFA2D /* Home.swift */ = {isa = PBXFileReference; lastKnownFileType = sourcecode.swift; path = Home.swift; sourceTree = "<group>"; };
		B20AEF6E2ACF601E009FFA2D /* Assets.xcassets */ = {isa = PBXFileReference; lastKnownFileType = folder.assetcatalog; path = Assets.xcassets; sourceTree = "<group>"; };
		B20AEF712ACF601E009FFA2D /* Preview Assets.xcassets */ = {isa = PBXFileReference; lastKnownFileType = folder.assetcatalog; path = "Preview Assets.xcassets"; sourceTree = "<group>"; };
		B20AEF772ACF601E009FFA2D /* FindMyUltraTests.xctest */ = {isa = PBXFileReference; explicitFileType = wrapper.cfbundle; includeInIndex = 0; path = FindMyUltraTests.xctest; sourceTree = BUILT_PRODUCTS_DIR; };
		B20AEF7B2ACF601E009FFA2D /* FindMyUltraTests.swift */ = {isa = PBXFileReference; lastKnownFileType = sourcecode.swift; path = FindMyUltraTests.swift; sourceTree = "<group>"; };
		B20AEF812ACF601E009FFA2D /* FindMyUltraUITests.xctest */ = {isa = PBXFileReference; explicitFileType = wrapper.cfbundle; includeInIndex = 0; path = FindMyUltraUITests.xctest; sourceTree = BUILT_PRODUCTS_DIR; };
		B20AEF852ACF601E009FFA2D /* FindMyUltraUITests.swift */ = {isa = PBXFileReference; lastKnownFileType = sourcecode.swift; path = FindMyUltraUITests.swift; sourceTree = "<group>"; };
		B20AEF872ACF601E009FFA2D /* FindMyUltraUITestsLaunchTests.swift */ = {isa = PBXFileReference; lastKnownFileType = sourcecode.swift; path = FindMyUltraUITestsLaunchTests.swift; sourceTree = "<group>"; };
		B20AEF952ACF6061009FFA2D /* Client.swift */ = {isa = PBXFileReference; fileEncoding = 4; lastKnownFileType = sourcecode.swift; path = Client.swift; sourceTree = "<group>"; };
		B20AEF962ACF6062009FFA2D /* ApiError.swift */ = {isa = PBXFileReference; fileEncoding = 4; lastKnownFileType = sourcecode.swift; path = ApiError.swift; sourceTree = "<group>"; };
		B20AEF972ACF6062009FFA2D /* GenericApi.swift */ = {isa = PBXFileReference; fileEncoding = 4; lastKnownFileType = sourcecode.swift; path = GenericApi.swift; sourceTree = "<group>"; };
		B20AEFA42ACF60B4009FFA2D /* Location.swift */ = {isa = PBXFileReference; fileEncoding = 4; lastKnownFileType = sourcecode.swift; path = Location.swift; sourceTree = "<group>"; };
		B20AEFA52ACF60B4009FFA2D /* Event.swift */ = {isa = PBXFileReference; fileEncoding = 4; lastKnownFileType = sourcecode.swift; path = Event.swift; sourceTree = "<group>"; };
		B20AEFAD2ACF60E1009FFA2D /* Constants.swift */ = {isa = PBXFileReference; fileEncoding = 4; lastKnownFileType = sourcecode.swift; path = Constants.swift; sourceTree = "<group>"; };
		B20AEFB12ACF6106009FFA2D /* MapViewModel.swift */ = {isa = PBXFileReference; fileEncoding = 4; lastKnownFileType = sourcecode.swift; path = MapViewModel.swift; sourceTree = "<group>"; };
		B20AEFB42ACF6183009FFA2D /* MapView.swift */ = {isa = PBXFileReference; lastKnownFileType = sourcecode.swift; path = MapView.swift; sourceTree = "<group>"; };
		B20AEFB62ACF6226009FFA2D /* RaceList.swift */ = {isa = PBXFileReference; lastKnownFileType = sourcecode.swift; path = RaceList.swift; sourceTree = "<group>"; };
		B20AEFBA2AD057E5009FFA2D /* FilterModel.swift */ = {isa = PBXFileReference; lastKnownFileType = sourcecode.swift; path = FilterModel.swift; sourceTree = "<group>"; };
/* End PBXFileReference section */

/* Begin PBXFrameworksBuildPhase section */
		B20AEF642ACF601D009FFA2D /* Frameworks */ = {
			isa = PBXFrameworksBuildPhase;
			buildActionMask = 2147483647;
			files = (
				B20AEFBE2AD08178009FFA2D /* MultiPicker in Frameworks */,
			);
			runOnlyForDeploymentPostprocessing = 0;
		};
		B20AEF742ACF601E009FFA2D /* Frameworks */ = {
			isa = PBXFrameworksBuildPhase;
			buildActionMask = 2147483647;
			files = (
			);
			runOnlyForDeploymentPostprocessing = 0;
		};
		B20AEF7E2ACF601E009FFA2D /* Frameworks */ = {
			isa = PBXFrameworksBuildPhase;
			buildActionMask = 2147483647;
			files = (
			);
			runOnlyForDeploymentPostprocessing = 0;
		};
/* End PBXFrameworksBuildPhase section */

/* Begin PBXGroup section */
		B20AEF5E2ACF601D009FFA2D = {
			isa = PBXGroup;
			children = (
				B20AEF692ACF601D009FFA2D /* FindMyUltra */,
				B20AEF7A2ACF601E009FFA2D /* FindMyUltraTests */,
				B20AEF842ACF601E009FFA2D /* FindMyUltraUITests */,
				B20AEF682ACF601D009FFA2D /* Products */,
			);
			sourceTree = "<group>";
		};
		B20AEF682ACF601D009FFA2D /* Products */ = {
			isa = PBXGroup;
			children = (
				B20AEF672ACF601D009FFA2D /* FindMyUltra.app */,
				B20AEF772ACF601E009FFA2D /* FindMyUltraTests.xctest */,
				B20AEF812ACF601E009FFA2D /* FindMyUltraUITests.xctest */,
			);
			name = Products;
			sourceTree = "<group>";
		};
		B20AEF692ACF601D009FFA2D /* FindMyUltra */ = {
			isa = PBXGroup;
			children = (
				B20AEFAF2ACF60F3009FFA2D /* Views */,
				B20AEFAC2ACF60D9009FFA2D /* Helpers */,
				B20AEF9B2ACF6084009FFA2D /* Model */,
				B20AEF942ACF6058009FFA2D /* Network */,
				B20AEF6A2ACF601D009FFA2D /* FindMyUltraApp.swift */,
				B20AEF6C2ACF601D009FFA2D /* Home.swift */,
				B20AEF6E2ACF601E009FFA2D /* Assets.xcassets */,
				B20AEF702ACF601E009FFA2D /* Preview Content */,
			);
			path = FindMyUltra;
			sourceTree = "<group>";
		};
		B20AEF702ACF601E009FFA2D /* Preview Content */ = {
			isa = PBXGroup;
			children = (
				B20AEF712ACF601E009FFA2D /* Preview Assets.xcassets */,
			);
			path = "Preview Content";
			sourceTree = "<group>";
		};
		B20AEF7A2ACF601E009FFA2D /* FindMyUltraTests */ = {
			isa = PBXGroup;
			children = (
				B20AEF7B2ACF601E009FFA2D /* FindMyUltraTests.swift */,
			);
			path = FindMyUltraTests;
			sourceTree = "<group>";
		};
		B20AEF842ACF601E009FFA2D /* FindMyUltraUITests */ = {
			isa = PBXGroup;
			children = (
				B20AEF852ACF601E009FFA2D /* FindMyUltraUITests.swift */,
				B20AEF872ACF601E009FFA2D /* FindMyUltraUITestsLaunchTests.swift */,
			);
			path = FindMyUltraUITests;
			sourceTree = "<group>";
		};
		B20AEF942ACF6058009FFA2D /* Network */ = {
			isa = PBXGroup;
			children = (
				B20AEF962ACF6062009FFA2D /* ApiError.swift */,
				B20AEF952ACF6061009FFA2D /* Client.swift */,
				B20AEF972ACF6062009FFA2D /* GenericApi.swift */,
			);
			path = Network;
			sourceTree = "<group>";
		};
		B20AEF9B2ACF6084009FFA2D /* Model */ = {
			isa = PBXGroup;
			children = (
				B20AEFA52ACF60B4009FFA2D /* Event.swift */,
				B20AEFA42ACF60B4009FFA2D /* Location.swift */,
				B20AEFBA2AD057E5009FFA2D /* FilterModel.swift */,
			);
			path = Model;
			sourceTree = "<group>";
		};
		B20AEFAC2ACF60D9009FFA2D /* Helpers */ = {
			isa = PBXGroup;
			children = (
				B20AEFAD2ACF60E1009FFA2D /* Constants.swift */,
			);
			path = Helpers;
			sourceTree = "<group>";
		};
		B20AEFAF2ACF60F3009FFA2D /* Views */ = {
			isa = PBXGroup;
			children = (
				B20AEFB92AD05224009FFA2D /* RaceDetails */,
				B20AEFB82AD05206009FFA2D /* FilterView */,
				B20AEFB32ACF6164009FFA2D /* RaceList */,
				B20AEFB02ACF60FD009FFA2D /* MapViews */,
			);
			path = Views;
			sourceTree = "<group>";
		};
		B20AEFB02ACF60FD009FFA2D /* MapViews */ = {
			isa = PBXGroup;
			children = (
				B20AEFB12ACF6106009FFA2D /* MapViewModel.swift */,
				B20AEFB42ACF6183009FFA2D /* MapView.swift */,
			);
			path = MapViews;
			sourceTree = "<group>";
		};
		B20AEFB32ACF6164009FFA2D /* RaceList */ = {
			isa = PBXGroup;
			children = (
				B20AEFB62ACF6226009FFA2D /* RaceList.swift */,
			);
			path = RaceList;
			sourceTree = "<group>";
		};
		B20AEFB82AD05206009FFA2D /* FilterView */ = {
			isa = PBXGroup;
			children = (
			);
			path = FilterView;
			sourceTree = "<group>";
		};
		B20AEFB92AD05224009FFA2D /* RaceDetails */ = {
			isa = PBXGroup;
			children = (
			);
			path = RaceDetails;
			sourceTree = "<group>";
		};
/* End PBXGroup section */

/* Begin PBXNativeTarget section */
		B20AEF662ACF601D009FFA2D /* FindMyUltra */ = {
			isa = PBXNativeTarget;
			buildConfigurationList = B20AEF8B2ACF601E009FFA2D /* Build configuration list for PBXNativeTarget "FindMyUltra" */;
			buildPhases = (
				B20AEF632ACF601D009FFA2D /* Sources */,
				B20AEF642ACF601D009FFA2D /* Frameworks */,
				B20AEF652ACF601D009FFA2D /* Resources */,
			);
			buildRules = (
			);
			dependencies = (
			);
			name = FindMyUltra;
			packageProductDependencies = (
				B20AEFBD2AD08178009FFA2D /* MultiPicker */,
			);
			productName = FindMyUltra;
			productReference = B20AEF672ACF601D009FFA2D /* FindMyUltra.app */;
			productType = "com.apple.product-type.application";
		};
		B20AEF762ACF601E009FFA2D /* FindMyUltraTests */ = {
			isa = PBXNativeTarget;
			buildConfigurationList = B20AEF8E2ACF601E009FFA2D /* Build configuration list for PBXNativeTarget "FindMyUltraTests" */;
			buildPhases = (
				B20AEF732ACF601E009FFA2D /* Sources */,
				B20AEF742ACF601E009FFA2D /* Frameworks */,
				B20AEF752ACF601E009FFA2D /* Resources */,
			);
			buildRules = (
			);
			dependencies = (
				B20AEF792ACF601E009FFA2D /* PBXTargetDependency */,
			);
			name = FindMyUltraTests;
			productName = FindMyUltraTests;
			productReference = B20AEF772ACF601E009FFA2D /* FindMyUltraTests.xctest */;
			productType = "com.apple.product-type.bundle.unit-test";
		};
		B20AEF802ACF601E009FFA2D /* FindMyUltraUITests */ = {
			isa = PBXNativeTarget;
			buildConfigurationList = B20AEF912ACF601E009FFA2D /* Build configuration list for PBXNativeTarget "FindMyUltraUITests" */;
			buildPhases = (
				B20AEF7D2ACF601E009FFA2D /* Sources */,
				B20AEF7E2ACF601E009FFA2D /* Frameworks */,
				B20AEF7F2ACF601E009FFA2D /* Resources */,
			);
			buildRules = (
			);
			dependencies = (
				B20AEF832ACF601E009FFA2D /* PBXTargetDependency */,
			);
			name = FindMyUltraUITests;
			productName = FindMyUltraUITests;
			productReference = B20AEF812ACF601E009FFA2D /* FindMyUltraUITests.xctest */;
			productType = "com.apple.product-type.bundle.ui-testing";
		};
/* End PBXNativeTarget section */

/* Begin PBXProject section */
		B20AEF5F2ACF601D009FFA2D /* Project object */ = {
			isa = PBXProject;
			attributes = {
				BuildIndependentTargetsInParallel = 1;
				LastSwiftUpdateCheck = 1500;
				LastUpgradeCheck = 1500;
				TargetAttributes = {
					B20AEF662ACF601D009FFA2D = {
						CreatedOnToolsVersion = 15.0;
					};
					B20AEF762ACF601E009FFA2D = {
						CreatedOnToolsVersion = 15.0;
						TestTargetID = B20AEF662ACF601D009FFA2D;
					};
					B20AEF802ACF601E009FFA2D = {
						CreatedOnToolsVersion = 15.0;
						TestTargetID = B20AEF662ACF601D009FFA2D;
					};
				};
			};
			buildConfigurationList = B20AEF622ACF601D009FFA2D /* Build configuration list for PBXProject "FindMyUltra" */;
			compatibilityVersion = "Xcode 14.0";
			developmentRegion = en;
			hasScannedForEncodings = 0;
			knownRegions = (
				en,
				Base,
			);
			mainGroup = B20AEF5E2ACF601D009FFA2D;
			packageReferences = (
				B20AEFBC2AD08178009FFA2D /* XCRemoteSwiftPackageReference "MultiPicker" */,
			);
			productRefGroup = B20AEF682ACF601D009FFA2D /* Products */;
			projectDirPath = "";
			projectRoot = "";
			targets = (
				B20AEF662ACF601D009FFA2D /* FindMyUltra */,
				B20AEF762ACF601E009FFA2D /* FindMyUltraTests */,
				B20AEF802ACF601E009FFA2D /* FindMyUltraUITests */,
			);
		};
/* End PBXProject section */

/* Begin PBXResourcesBuildPhase section */
		B20AEF652ACF601D009FFA2D /* Resources */ = {
			isa = PBXResourcesBuildPhase;
			buildActionMask = 2147483647;
			files = (
				B20AEF722ACF601E009FFA2D /* Preview Assets.xcassets in Resources */,
				B20AEF6F2ACF601E009FFA2D /* Assets.xcassets in Resources */,
			);
			runOnlyForDeploymentPostprocessing = 0;
		};
		B20AEF752ACF601E009FFA2D /* Resources */ = {
			isa = PBXResourcesBuildPhase;
			buildActionMask = 2147483647;
			files = (
			);
			runOnlyForDeploymentPostprocessing = 0;
		};
		B20AEF7F2ACF601E009FFA2D /* Resources */ = {
			isa = PBXResourcesBuildPhase;
			buildActionMask = 2147483647;
			files = (
			);
			runOnlyForDeploymentPostprocessing = 0;
		};
/* End PBXResourcesBuildPhase section */

/* Begin PBXSourcesBuildPhase section */
		B20AEF632ACF601D009FFA2D /* Sources */ = {
			isa = PBXSourcesBuildPhase;
			buildActionMask = 2147483647;
			files = (
				B20AEF9A2ACF6062009FFA2D /* GenericApi.swift in Sources */,
				B20AEFB52ACF6183009FFA2D /* MapView.swift in Sources */,
				B20AEF6D2ACF601D009FFA2D /* Home.swift in Sources */,
				B20AEF992ACF6062009FFA2D /* ApiError.swift in Sources */,
				B20AEF6B2ACF601D009FFA2D /* FindMyUltraApp.swift in Sources */,
				B20AEFAE2ACF60E1009FFA2D /* Constants.swift in Sources */,
				B20AEFB22ACF6106009FFA2D /* MapViewModel.swift in Sources */,
				B20AEFA82ACF60B4009FFA2D /* Location.swift in Sources */,
				B20AEFA92ACF60B4009FFA2D /* Event.swift in Sources */,
				B20AEF982ACF6062009FFA2D /* Client.swift in Sources */,
				B20AEFB72ACF6226009FFA2D /* RaceList.swift in Sources */,
				B20AEFBB2AD057E5009FFA2D /* FilterModel.swift in Sources */,
			);
			runOnlyForDeploymentPostprocessing = 0;
		};
		B20AEF732ACF601E009FFA2D /* Sources */ = {
			isa = PBXSourcesBuildPhase;
			buildActionMask = 2147483647;
			files = (
				B20AEF7C2ACF601E009FFA2D /* FindMyUltraTests.swift in Sources */,
			);
			runOnlyForDeploymentPostprocessing = 0;
		};
		B20AEF7D2ACF601E009FFA2D /* Sources */ = {
			isa = PBXSourcesBuildPhase;
			buildActionMask = 2147483647;
			files = (
				B20AEF882ACF601E009FFA2D /* FindMyUltraUITestsLaunchTests.swift in Sources */,
				B20AEF862ACF601E009FFA2D /* FindMyUltraUITests.swift in Sources */,
			);
			runOnlyForDeploymentPostprocessing = 0;
		};
/* End PBXSourcesBuildPhase section */

/* Begin PBXTargetDependency section */
		B20AEF792ACF601E009FFA2D /* PBXTargetDependency */ = {
			isa = PBXTargetDependency;
			target = B20AEF662ACF601D009FFA2D /* FindMyUltra */;
			targetProxy = B20AEF782ACF601E009FFA2D /* PBXContainerItemProxy */;
		};
		B20AEF832ACF601E009FFA2D /* PBXTargetDependency */ = {
			isa = PBXTargetDependency;
			target = B20AEF662ACF601D009FFA2D /* FindMyUltra */;
			targetProxy = B20AEF822ACF601E009FFA2D /* PBXContainerItemProxy */;
		};
/* End PBXTargetDependency section */

/* Begin XCBuildConfiguration section */
		B20AEF892ACF601E009FFA2D /* Debug */ = {
			isa = XCBuildConfiguration;
			buildSettings = {
				ALWAYS_SEARCH_USER_PATHS = NO;
				ASSETCATALOG_COMPILER_GENERATE_SWIFT_ASSET_SYMBOL_EXTENSIONS = YES;
				CLANG_ANALYZER_NONNULL = YES;
				CLANG_ANALYZER_NUMBER_OBJECT_CONVERSION = YES_AGGRESSIVE;
				CLANG_CXX_LANGUAGE_STANDARD = "gnu++20";
				CLANG_ENABLE_MODULES = YES;
				CLANG_ENABLE_OBJC_ARC = YES;
				CLANG_ENABLE_OBJC_WEAK = YES;
				CLANG_WARN_BLOCK_CAPTURE_AUTORELEASING = YES;
				CLANG_WARN_BOOL_CONVERSION = YES;
				CLANG_WARN_COMMA = YES;
				CLANG_WARN_CONSTANT_CONVERSION = YES;
				CLANG_WARN_DEPRECATED_OBJC_IMPLEMENTATIONS = YES;
				CLANG_WARN_DIRECT_OBJC_ISA_USAGE = YES_ERROR;
				CLANG_WARN_DOCUMENTATION_COMMENTS = YES;
				CLANG_WARN_EMPTY_BODY = YES;
				CLANG_WARN_ENUM_CONVERSION = YES;
				CLANG_WARN_INFINITE_RECURSION = YES;
				CLANG_WARN_INT_CONVERSION = YES;
				CLANG_WARN_NON_LITERAL_NULL_CONVERSION = YES;
				CLANG_WARN_OBJC_IMPLICIT_RETAIN_SELF = YES;
				CLANG_WARN_OBJC_LITERAL_CONVERSION = YES;
				CLANG_WARN_OBJC_ROOT_CLASS = YES_ERROR;
				CLANG_WARN_QUOTED_INCLUDE_IN_FRAMEWORK_HEADER = YES;
				CLANG_WARN_RANGE_LOOP_ANALYSIS = YES;
				CLANG_WARN_STRICT_PROTOTYPES = YES;
				CLANG_WARN_SUSPICIOUS_MOVE = YES;
				CLANG_WARN_UNGUARDED_AVAILABILITY = YES_AGGRESSIVE;
				CLANG_WARN_UNREACHABLE_CODE = YES;
				CLANG_WARN__DUPLICATE_METHOD_MATCH = YES;
				COPY_PHASE_STRIP = NO;
				DEBUG_INFORMATION_FORMAT = dwarf;
				ENABLE_STRICT_OBJC_MSGSEND = YES;
				ENABLE_TESTABILITY = YES;
				ENABLE_USER_SCRIPT_SANDBOXING = YES;
				GCC_C_LANGUAGE_STANDARD = gnu17;
				GCC_DYNAMIC_NO_PIC = NO;
				GCC_NO_COMMON_BLOCKS = YES;
				GCC_OPTIMIZATION_LEVEL = 0;
				GCC_PREPROCESSOR_DEFINITIONS = (
					"DEBUG=1",
					"$(inherited)",
				);
				GCC_WARN_64_TO_32_BIT_CONVERSION = YES;
				GCC_WARN_ABOUT_RETURN_TYPE = YES_ERROR;
				GCC_WARN_UNDECLARED_SELECTOR = YES;
				GCC_WARN_UNINITIALIZED_AUTOS = YES_AGGRESSIVE;
				GCC_WARN_UNUSED_FUNCTION = YES;
				GCC_WARN_UNUSED_VARIABLE = YES;
				IPHONEOS_DEPLOYMENT_TARGET = 17.0;
				LOCALIZATION_PREFERS_STRING_CATALOGS = YES;
				MTL_ENABLE_DEBUG_INFO = INCLUDE_SOURCE;
				MTL_FAST_MATH = YES;
				ONLY_ACTIVE_ARCH = YES;
				SDKROOT = iphoneos;
				SWIFT_ACTIVE_COMPILATION_CONDITIONS = "DEBUG $(inherited)";
				SWIFT_OPTIMIZATION_LEVEL = "-Onone";
			};
			name = Debug;
		};
		B20AEF8A2ACF601E009FFA2D /* Release */ = {
			isa = XCBuildConfiguration;
			buildSettings = {
				ALWAYS_SEARCH_USER_PATHS = NO;
				ASSETCATALOG_COMPILER_GENERATE_SWIFT_ASSET_SYMBOL_EXTENSIONS = YES;
				CLANG_ANALYZER_NONNULL = YES;
				CLANG_ANALYZER_NUMBER_OBJECT_CONVERSION = YES_AGGRESSIVE;
				CLANG_CXX_LANGUAGE_STANDARD = "gnu++20";
				CLANG_ENABLE_MODULES = YES;
				CLANG_ENABLE_OBJC_ARC = YES;
				CLANG_ENABLE_OBJC_WEAK = YES;
				CLANG_WARN_BLOCK_CAPTURE_AUTORELEASING = YES;
				CLANG_WARN_BOOL_CONVERSION = YES;
				CLANG_WARN_COMMA = YES;
				CLANG_WARN_CONSTANT_CONVERSION = YES;
				CLANG_WARN_DEPRECATED_OBJC_IMPLEMENTATIONS = YES;
				CLANG_WARN_DIRECT_OBJC_ISA_USAGE = YES_ERROR;
				CLANG_WARN_DOCUMENTATION_COMMENTS = YES;
				CLANG_WARN_EMPTY_BODY = YES;
				CLANG_WARN_ENUM_CONVERSION = YES;
				CLANG_WARN_INFINITE_RECURSION = YES;
				CLANG_WARN_INT_CONVERSION = YES;
				CLANG_WARN_NON_LITERAL_NULL_CONVERSION = YES;
				CLANG_WARN_OBJC_IMPLICIT_RETAIN_SELF = YES;
				CLANG_WARN_OBJC_LITERAL_CONVERSION = YES;
				CLANG_WARN_OBJC_ROOT_CLASS = YES_ERROR;
				CLANG_WARN_QUOTED_INCLUDE_IN_FRAMEWORK_HEADER = YES;
				CLANG_WARN_RANGE_LOOP_ANALYSIS = YES;
				CLANG_WARN_STRICT_PROTOTYPES = YES;
				CLANG_WARN_SUSPICIOUS_MOVE = YES;
				CLANG_WARN_UNGUARDED_AVAILABILITY = YES_AGGRESSIVE;
				CLANG_WARN_UNREACHABLE_CODE = YES;
				CLANG_WARN__DUPLICATE_METHOD_MATCH = YES;
				COPY_PHASE_STRIP = NO;
				DEBUG_INFORMATION_FORMAT = "dwarf-with-dsym";
				ENABLE_NS_ASSERTIONS = NO;
				ENABLE_STRICT_OBJC_MSGSEND = YES;
				ENABLE_USER_SCRIPT_SANDBOXING = YES;
				GCC_C_LANGUAGE_STANDARD = gnu17;
				GCC_NO_COMMON_BLOCKS = YES;
				GCC_WARN_64_TO_32_BIT_CONVERSION = YES;
				GCC_WARN_ABOUT_RETURN_TYPE = YES_ERROR;
				GCC_WARN_UNDECLARED_SELECTOR = YES;
				GCC_WARN_UNINITIALIZED_AUTOS = YES_AGGRESSIVE;
				GCC_WARN_UNUSED_FUNCTION = YES;
				GCC_WARN_UNUSED_VARIABLE = YES;
				IPHONEOS_DEPLOYMENT_TARGET = 17.0;
				LOCALIZATION_PREFERS_STRING_CATALOGS = YES;
				MTL_ENABLE_DEBUG_INFO = NO;
				MTL_FAST_MATH = YES;
				SDKROOT = iphoneos;
				SWIFT_COMPILATION_MODE = wholemodule;
				VALIDATE_PRODUCT = YES;
			};
			name = Release;
		};
		B20AEF8C2ACF601E009FFA2D /* Debug */ = {
			isa = XCBuildConfiguration;
			buildSettings = {
				ASSETCATALOG_COMPILER_APPICON_NAME = AppIcon;
				ASSETCATALOG_COMPILER_GLOBAL_ACCENT_COLOR_NAME = AccentColor;
				CODE_SIGN_STYLE = Automatic;
				CURRENT_PROJECT_VERSION = 1;
				DEVELOPMENT_ASSET_PATHS = "\"FindMyUltra/Preview Content\"";
				DEVELOPMENT_TEAM = SX4W8Z58WN;
				ENABLE_PREVIEWS = YES;
				GENERATE_INFOPLIST_FILE = YES;
				INFOPLIST_KEY_UIApplicationSceneManifest_Generation = YES;
				INFOPLIST_KEY_UIApplicationSupportsIndirectInputEvents = YES;
				INFOPLIST_KEY_UILaunchScreen_Generation = YES;
				INFOPLIST_KEY_UISupportedInterfaceOrientations_iPad = "UIInterfaceOrientationPortrait UIInterfaceOrientationPortraitUpsideDown UIInterfaceOrientationLandscapeLeft UIInterfaceOrientationLandscapeRight";
				INFOPLIST_KEY_UISupportedInterfaceOrientations_iPhone = "UIInterfaceOrientationPortrait UIInterfaceOrientationLandscapeLeft UIInterfaceOrientationLandscapeRight";
				LD_RUNPATH_SEARCH_PATHS = (
					"$(inherited)",
					"@executable_path/Frameworks",
				);
				MARKETING_VERSION = 1.0;
				PRODUCT_BUNDLE_IDENTIFIER = com.app.FindMyUltra;
				PRODUCT_NAME = "$(TARGET_NAME)";
				SWIFT_EMIT_LOC_STRINGS = YES;
				SWIFT_VERSION = 5.0;
				TARGETED_DEVICE_FAMILY = "1,2";
			};
			name = Debug;
		};
		B20AEF8D2ACF601E009FFA2D /* Release */ = {
			isa = XCBuildConfiguration;
			buildSettings = {
				ASSETCATALOG_COMPILER_APPICON_NAME = AppIcon;
				ASSETCATALOG_COMPILER_GLOBAL_ACCENT_COLOR_NAME = AccentColor;
				CODE_SIGN_STYLE = Automatic;
				CURRENT_PROJECT_VERSION = 1;
				DEVELOPMENT_ASSET_PATHS = "\"FindMyUltra/Preview Content\"";
				DEVELOPMENT_TEAM = SX4W8Z58WN;
				ENABLE_PREVIEWS = YES;
				GENERATE_INFOPLIST_FILE = YES;
				INFOPLIST_KEY_UIApplicationSceneManifest_Generation = YES;
				INFOPLIST_KEY_UIApplicationSupportsIndirectInputEvents = YES;
				INFOPLIST_KEY_UILaunchScreen_Generation = YES;
				INFOPLIST_KEY_UISupportedInterfaceOrientations_iPad = "UIInterfaceOrientationPortrait UIInterfaceOrientationPortraitUpsideDown UIInterfaceOrientationLandscapeLeft UIInterfaceOrientationLandscapeRight";
				INFOPLIST_KEY_UISupportedInterfaceOrientations_iPhone = "UIInterfaceOrientationPortrait UIInterfaceOrientationLandscapeLeft UIInterfaceOrientationLandscapeRight";
				LD_RUNPATH_SEARCH_PATHS = (
					"$(inherited)",
					"@executable_path/Frameworks",
				);
				MARKETING_VERSION = 1.0;
				PRODUCT_BUNDLE_IDENTIFIER = com.app.FindMyUltra;
				PRODUCT_NAME = "$(TARGET_NAME)";
				SWIFT_EMIT_LOC_STRINGS = YES;
				SWIFT_VERSION = 5.0;
				TARGETED_DEVICE_FAMILY = "1,2";
			};
			name = Release;
		};
		B20AEF8F2ACF601E009FFA2D /* Debug */ = {
			isa = XCBuildConfiguration;
			buildSettings = {
				ALWAYS_EMBED_SWIFT_STANDARD_LIBRARIES = YES;
				BUNDLE_LOADER = "$(TEST_HOST)";
				CODE_SIGN_STYLE = Automatic;
				CURRENT_PROJECT_VERSION = 1;
				DEVELOPMENT_TEAM = SX4W8Z58WN;
				GENERATE_INFOPLIST_FILE = YES;
				IPHONEOS_DEPLOYMENT_TARGET = 17.0;
				MARKETING_VERSION = 1.0;
				PRODUCT_BUNDLE_IDENTIFIER = com.app.FindMyUltraTests;
				PRODUCT_NAME = "$(TARGET_NAME)";
				SWIFT_EMIT_LOC_STRINGS = NO;
				SWIFT_VERSION = 5.0;
				TARGETED_DEVICE_FAMILY = "1,2";
				TEST_HOST = "$(BUILT_PRODUCTS_DIR)/FindMyUltra.app/$(BUNDLE_EXECUTABLE_FOLDER_PATH)/FindMyUltra";
			};
			name = Debug;
		};
		B20AEF902ACF601E009FFA2D /* Release */ = {
			isa = XCBuildConfiguration;
			buildSettings = {
				ALWAYS_EMBED_SWIFT_STANDARD_LIBRARIES = YES;
				BUNDLE_LOADER = "$(TEST_HOST)";
				CODE_SIGN_STYLE = Automatic;
				CURRENT_PROJECT_VERSION = 1;
				DEVELOPMENT_TEAM = SX4W8Z58WN;
				GENERATE_INFOPLIST_FILE = YES;
				IPHONEOS_DEPLOYMENT_TARGET = 17.0;
				MARKETING_VERSION = 1.0;
				PRODUCT_BUNDLE_IDENTIFIER = com.app.FindMyUltraTests;
				PRODUCT_NAME = "$(TARGET_NAME)";
				SWIFT_EMIT_LOC_STRINGS = NO;
				SWIFT_VERSION = 5.0;
				TARGETED_DEVICE_FAMILY = "1,2";
				TEST_HOST = "$(BUILT_PRODUCTS_DIR)/FindMyUltra.app/$(BUNDLE_EXECUTABLE_FOLDER_PATH)/FindMyUltra";
			};
			name = Release;
		};
		B20AEF922ACF601E009FFA2D /* Debug */ = {
			isa = XCBuildConfiguration;
			buildSettings = {
				ALWAYS_EMBED_SWIFT_STANDARD_LIBRARIES = YES;
				CODE_SIGN_STYLE = Automatic;
				CURRENT_PROJECT_VERSION = 1;
				DEVELOPMENT_TEAM = SX4W8Z58WN;
				GENERATE_INFOPLIST_FILE = YES;
				MARKETING_VERSION = 1.0;
				PRODUCT_BUNDLE_IDENTIFIER = com.app.FindMyUltraUITests;
				PRODUCT_NAME = "$(TARGET_NAME)";
				SWIFT_EMIT_LOC_STRINGS = NO;
				SWIFT_VERSION = 5.0;
				TARGETED_DEVICE_FAMILY = "1,2";
				TEST_TARGET_NAME = FindMyUltra;
			};
			name = Debug;
		};
		B20AEF932ACF601E009FFA2D /* Release */ = {
			isa = XCBuildConfiguration;
			buildSettings = {
				ALWAYS_EMBED_SWIFT_STANDARD_LIBRARIES = YES;
				CODE_SIGN_STYLE = Automatic;
				CURRENT_PROJECT_VERSION = 1;
				DEVELOPMENT_TEAM = SX4W8Z58WN;
				GENERATE_INFOPLIST_FILE = YES;
				MARKETING_VERSION = 1.0;
				PRODUCT_BUNDLE_IDENTIFIER = com.app.FindMyUltraUITests;
				PRODUCT_NAME = "$(TARGET_NAME)";
				SWIFT_EMIT_LOC_STRINGS = NO;
				SWIFT_VERSION = 5.0;
				TARGETED_DEVICE_FAMILY = "1,2";
				TEST_TARGET_NAME = FindMyUltra;
			};
			name = Release;
		};
/* End XCBuildConfiguration section */

/* Begin XCConfigurationList section */
		B20AEF622ACF601D009FFA2D /* Build configuration list for PBXProject "FindMyUltra" */ = {
			isa = XCConfigurationList;
			buildConfigurations = (
				B20AEF892ACF601E009FFA2D /* Debug */,
				B20AEF8A2ACF601E009FFA2D /* Release */,
			);
			defaultConfigurationIsVisible = 0;
			defaultConfigurationName = Release;
		};
		B20AEF8B2ACF601E009FFA2D /* Build configuration list for PBXNativeTarget "FindMyUltra" */ = {
			isa = XCConfigurationList;
			buildConfigurations = (
				B20AEF8C2ACF601E009FFA2D /* Debug */,
				B20AEF8D2ACF601E009FFA2D /* Release */,
			);
			defaultConfigurationIsVisible = 0;
			defaultConfigurationName = Release;
		};
		B20AEF8E2ACF601E009FFA2D /* Build configuration list for PBXNativeTarget "FindMyUltraTests" */ = {
			isa = XCConfigurationList;
			buildConfigurations = (
				B20AEF8F2ACF601E009FFA2D /* Debug */,
				B20AEF902ACF601E009FFA2D /* Release */,
			);
			defaultConfigurationIsVisible = 0;
			defaultConfigurationName = Release;
		};
		B20AEF912ACF601E009FFA2D /* Build configuration list for PBXNativeTarget "FindMyUltraUITests" */ = {
			isa = XCConfigurationList;
			buildConfigurations = (
				B20AEF922ACF601E009FFA2D /* Debug */,
				B20AEF932ACF601E009FFA2D /* Release */,
			);
			defaultConfigurationIsVisible = 0;
			defaultConfigurationName = Release;
		};
/* End XCConfigurationList section */

/* Begin XCRemoteSwiftPackageReference section */
		B20AEFBC2AD08178009FFA2D /* XCRemoteSwiftPackageReference "MultiPicker" */ = {
			isa = XCRemoteSwiftPackageReference;
			repositoryURL = "https://github.com/toastersocks/MultiPicker";
			requirement = {
				branch = main;
				kind = branch;
			};
		};
/* End XCRemoteSwiftPackageReference section */

/* Begin XCSwiftPackageProductDependency section */
		B20AEFBD2AD08178009FFA2D /* MultiPicker */ = {
			isa = XCSwiftPackageProductDependency;
			package = B20AEFBC2AD08178009FFA2D /* XCRemoteSwiftPackageReference "MultiPicker" */;
			productName = MultiPicker;
		};
/* End XCSwiftPackageProductDependency section */
	};
	rootObject = B20AEF5F2ACF601D009FFA2D /* Project object */;
}
